// !$*UTF8*$!
{
	archiveVersion = 1;
	classes = {
	};
	objectVersion = 50;
	objects = {

/* Begin PBXBuildFile section */
		929A128423558ADB00E5B36A /* AppDelegate.swift in Sources */ = {isa = PBXBuildFile; fileRef = 929A128323558ADB00E5B36A /* AppDelegate.swift */; };
		929A128623558ADB00E5B36A /* SceneDelegate.swift in Sources */ = {isa = PBXBuildFile; fileRef = 929A128523558ADB00E5B36A /* SceneDelegate.swift */; };
		929A128823558ADB00E5B36A /* ViewController.swift in Sources */ = {isa = PBXBuildFile; fileRef = 929A128723558ADB00E5B36A /* ViewController.swift */; };
		929A128B23558ADB00E5B36A /* Main.storyboard in Resources */ = {isa = PBXBuildFile; fileRef = 929A128923558ADB00E5B36A /* Main.storyboard */; };
		929A128D23558AEF00E5B36A /* Assets.xcassets in Resources */ = {isa = PBXBuildFile; fileRef = 929A128C23558AEF00E5B36A /* Assets.xcassets */; };
		929A129023558AEF00E5B36A /* LaunchScreen.storyboard in Resources */ = {isa = PBXBuildFile; fileRef = 929A128E23558AEF00E5B36A /* LaunchScreen.storyboard */; };
		929A129823558F0500E5B36A /* Venue.json in Resources */ = {isa = PBXBuildFile; fileRef = 929A129723558F0500E5B36A /* Venue.json */; };
		929A129D23559B6300E5B36A /* MapKit.framework in Frameworks */ = {isa = PBXBuildFile; fileRef = 929A129C23559B6300E5B36A /* MapKit.framework */; };
		929A12A12355A63E00E5B36A /* VenueT.swift in Sources */ = {isa = PBXBuildFile; fileRef = 929A12A02355A63E00E5B36A /* VenueT.swift */; };
/* End PBXBuildFile section */

/* Begin PBXFileReference section */
		929A128023558ADB00E5B36A /* MapViewP.app */ = {isa = PBXFileReference; explicitFileType = wrapper.application; includeInIndex = 0; path = MapViewP.app; sourceTree = BUILT_PRODUCTS_DIR; };
		929A128323558ADB00E5B36A /* AppDelegate.swift */ = {isa = PBXFileReference; lastKnownFileType = sourcecode.swift; path = AppDelegate.swift; sourceTree = "<group>"; };
		929A128523558ADB00E5B36A /* SceneDelegate.swift */ = {isa = PBXFileReference; lastKnownFileType = sourcecode.swift; path = SceneDelegate.swift; sourceTree = "<group>"; };
		929A128723558ADB00E5B36A /* ViewController.swift */ = {isa = PBXFileReference; lastKnownFileType = sourcecode.swift; path = ViewController.swift; sourceTree = "<group>"; };
		929A128A23558ADB00E5B36A /* Base */ = {isa = PBXFileReference; lastKnownFileType = file.storyboard; name = Base; path = Base.lproj/Main.storyboard; sourceTree = "<group>"; };
		929A128C23558AEF00E5B36A /* Assets.xcassets */ = {isa = PBXFileReference; lastKnownFileType = folder.assetcatalog; path = Assets.xcassets; sourceTree = "<group>"; };
		929A128F23558AEF00E5B36A /* Base */ = {isa = PBXFileReference; lastKnownFileType = file.storyboard; name = Base; path = Base.lproj/LaunchScreen.storyboard; sourceTree = "<group>"; };
		929A129123558AEF00E5B36A /* Info.plist */ = {isa = PBXFileReference; lastKnownFileType = text.plist.xml; path = Info.plist; sourceTree = "<group>"; };
		929A129723558F0500E5B36A /* Venue.json */ = {isa = PBXFileReference; lastKnownFileType = text.json; path = Venue.json; sourceTree = "<group>"; };
		929A129A23559B4B00E5B36A /* LinkPresentation.framework */ = {isa = PBXFileReference; lastKnownFileType = wrapper.framework; name = LinkPresentation.framework; path = System/Library/Frameworks/LinkPresentation.framework; sourceTree = SDKROOT; };
		929A129C23559B6300E5B36A /* MapKit.framework */ = {isa = PBXFileReference; lastKnownFileType = wrapper.framework; name = MapKit.framework; path = System/Library/Frameworks/MapKit.framework; sourceTree = SDKROOT; };
		929A12A02355A63E00E5B36A /* VenueT.swift */ = {isa = PBXFileReference; lastKnownFileType = sourcecode.swift; path = VenueT.swift; sourceTree = "<group>"; };
/* End PBXFileReference section */

/* Begin PBXFrameworksBuildPhase section */
		929A127D23558ADA00E5B36A /* Frameworks */ = {
			isa = PBXFrameworksBuildPhase;
			buildActionMask = 2147483647;
			files = (
				929A129D23559B6300E5B36A /* MapKit.framework in Frameworks */,
			);
			runOnlyForDeploymentPostprocessing = 0;
		};
/* End PBXFrameworksBuildPhase section */

/* Begin PBXGroup section */
		929A127723558ADA00E5B36A = {
			isa = PBXGroup;
			children = (
				929A128223558ADB00E5B36A /* MapViewP */,
				929A128123558ADB00E5B36A /* Products */,
				929A129923559B4A00E5B36A /* Frameworks */,
			);
			sourceTree = "<group>";
		};
		929A128123558ADB00E5B36A /* Products */ = {
			isa = PBXGroup;
			children = (
				929A128023558ADB00E5B36A /* MapViewP.app */,
			);
			name = Products;
			sourceTree = "<group>";
		};
		929A128223558ADB00E5B36A /* MapViewP */ = {
			isa = PBXGroup;
			children = (
				929A129723558F0500E5B36A /* Venue.json */,
				929A128323558ADB00E5B36A /* AppDelegate.swift */,
				929A128523558ADB00E5B36A /* SceneDelegate.swift */,
				929A128723558ADB00E5B36A /* ViewController.swift */,
				929A128923558ADB00E5B36A /* Main.storyboard */,
				929A128C23558AEF00E5B36A /* Assets.xcassets */,
				929A12A02355A63E00E5B36A /* VenueT.swift */,
				929A128E23558AEF00E5B36A /* LaunchScreen.storyboard */,
				929A129123558AEF00E5B36A /* Info.plist */,
			);
			path = MapViewP;
			sourceTree = "<group>";
		};
		929A129923559B4A00E5B36A /* Frameworks */ = {
			isa = PBXGroup;
			children = (
				929A129C23559B6300E5B36A /* MapKit.framework */,
				929A129A23559B4B00E5B36A /* LinkPresentation.framework */,
			);
			name = Frameworks;
			sourceTree = "<group>";
		};
/* End PBXGroup section */

/* Begin PBXNativeTarget section */
		929A127F23558ADA00E5B36A /* MapViewP */ = {
			isa = PBXNativeTarget;
			buildConfigurationList = 929A129423558AEF00E5B36A /* Build configuration list for PBXNativeTarget "MapViewP" */;
			buildPhases = (
				929A127C23558ADA00E5B36A /* Sources */,
				929A127D23558ADA00E5B36A /* Frameworks */,
				929A127E23558ADA00E5B36A /* Resources */,
			);
			buildRules = (
			);
			dependencies = (
			);
			name = MapViewP;
			productName = MapViewP;
			productReference = 929A128023558ADB00E5B36A /* MapViewP.app */;
			productType = "com.apple.product-type.application";
		};
/* End PBXNativeTarget section */

/* Begin PBXProject section */
		929A127823558ADA00E5B36A /* Project object */ = {
			isa = PBXProject;
			attributes = {
				LastSwiftUpdateCheck = 1100;
				LastUpgradeCheck = 1100;
				ORGANIZATIONNAME = amiet;
				TargetAttributes = {
					929A127F23558ADA00E5B36A = {
						CreatedOnToolsVersion = 11.0;
					};
				};
			};
			buildConfigurationList = 929A127B23558ADA00E5B36A /* Build configuration list for PBXProject "MapViewP" */;
			compatibilityVersion = "Xcode 9.3";
			developmentRegion = en;
			hasScannedForEncodings = 0;
			knownRegions = (
				en,
				Base,
			);
			mainGroup = 929A127723558ADA00E5B36A;
			productRefGroup = 929A128123558ADB00E5B36A /* Products */;
			projectDirPath = "";
			projectRoot = "";
			targets = (
				929A127F23558ADA00E5B36A /* MapViewP */,
			);
		};
/* End PBXProject section */

/* Begin PBXResourcesBuildPhase section */
		929A127E23558ADA00E5B36A /* Resources */ = {
			isa = PBXResourcesBuildPhase;
			buildActionMask = 2147483647;
			files = (
				929A129023558AEF00E5B36A /* LaunchScreen.storyboard in Resources */,
				929A129823558F0500E5B36A /* Venue.json in Resources */,
				929A128D23558AEF00E5B36A /* Assets.xcassets in Resources */,
				929A128B23558ADB00E5B36A /* Main.storyboard in Resources */,
			);
			runOnlyForDeploymentPostprocessing = 0;
		};
/* End PBXResourcesBuildPhase section */

/* Begin PBXSourcesBuildPhase section */
		929A127C23558ADA00E5B36A /* Sources */ = {
			isa = PBXSourcesBuildPhase;
			buildActionMask = 2147483647;
			files = (
				929A128823558ADB00E5B36A /* ViewController.swift in Sources */,
				929A128423558ADB00E5B36A /* AppDelegate.swift in Sources */,
				929A12A12355A63E00E5B36A /* VenueT.swift in Sources */,
				929A128623558ADB00E5B36A /* SceneDelegate.swift in Sources */,
			);
			runOnlyForDeploymentPostprocessing = 0;
		};
/* End PBXSourcesBuildPhase section */

/* Begin PBXVariantGroup section */
		929A128923558ADB00E5B36A /* Main.storyboard */ = {
			isa = PBXVariantGroup;
			children = (
				929A128A23558ADB00E5B36A /* Base */,
			);
			name = Main.storyboard;
			sourceTree = "<group>";
		};
		929A128E23558AEF00E5B36A /* LaunchScreen.storyboard */ = {
			isa = PBXVariantGroup;
			children = (
				929A128F23558AEF00E5B36A /* Base */,
			);
			name = LaunchScreen.storyboard;
			sourceTree = "<group>";
		};
/* End PBXVariantGroup section */

/* Begin XCBuildConfiguration section */
		929A129223558AEF00E5B36A /* Debug */ = {
			isa = XCBuildConfiguration;
			buildSettings = {
				ALWAYS_SEARCH_USER_PATHS = NO;
				CLANG_ANALYZER_NONNULL = YES;
				CLANG_ANALYZER_NUMBER_OBJECT_CONVERSION = YES_AGGRESSIVE;
				CLANG_CXX_LANGUAGE_STANDARD = "gnu++14";
				CLANG_CXX_LIBRARY = "libc++";
				CLANG_ENABLE_MODULES = YES;
				CLANG_ENABLE_OBJC_ARC = YES;
				CLANG_ENABLE_OBJC_WEAK = YES;
				CLANG_WARN_BLOCK_CAPTURE_AUTORELEASING = YES;
				CLANG_WARN_BOOL_CONVERSION = YES;
				CLANG_WARN_COMMA = YES;
				CLANG_WARN_CONSTANT_CONVERSION = YES;
				CLANG_WARN_DEPRECATED_OBJC_IMPLEMENTATIONS = YES;
				CLANG_WARN_DIRECT_OBJC_ISA_USAGE = YES_ERROR;
				CLANG_WARN_DOCUMENTATION_COMMENTS = YES;
				CLANG_WARN_EMPTY_BODY = YES;
				CLANG_WARN_ENUM_CONVERSION = YES;
				CLANG_WARN_INFINITE_RECURSION = YES;
				CLANG_WARN_INT_CONVERSION = YES;
				CLANG_WARN_NON_LITERAL_NULL_CONVERSION = YES;
				CLANG_WARN_OBJC_IMPLICIT_RETAIN_SELF = YES;
				CLANG_WARN_OBJC_LITERAL_CONVERSION = YES;
				CLANG_WARN_OBJC_ROOT_CLASS = YES_ERROR;
				CLANG_WARN_RANGE_LOOP_ANALYSIS = YES;
				CLANG_WARN_STRICT_PROTOTYPES = YES;
				CLANG_WARN_SUSPICIOUS_MOVE = YES;
				CLANG_WARN_UNGUARDED_AVAILABILITY = YES_AGGRESSIVE;
				CLANG_WARN_UNREACHABLE_CODE = YES;
				CLANG_WARN__DUPLICATE_METHOD_MATCH = YES;
				COPY_PHASE_STRIP = NO;
				DEBUG_INFORMATION_FORMAT = dwarf;
				ENABLE_STRICT_OBJC_MSGSEND = YES;
				ENABLE_TESTABILITY = YES;
				GCC_C_LANGUAGE_STANDARD = gnu11;
				GCC_DYNAMIC_NO_PIC = NO;
				GCC_NO_COMMON_BLOCKS = YES;
				GCC_OPTIMIZATION_LEVEL = 0;
				GCC_PREPROCESSOR_DEFINITIONS = (
					"DEBUG=1",
					"$(inherited)",
				);
				GCC_WARN_64_TO_32_BIT_CONVERSION = YES;
				GCC_WARN_ABOUT_RETURN_TYPE = YES_ERROR;
				GCC_WARN_UNDECLARED_SELECTOR = YES;
				GCC_WARN_UNINITIALIZED_AUTOS = YES_AGGRESSIVE;
				GCC_WARN_UNUSED_FUNCTION = YES;
				GCC_WARN_UNUSED_VARIABLE = YES;
				IPHONEOS_DEPLOYMENT_TARGET = 13.0;
				MTL_ENABLE_DEBUG_INFO = INCLUDE_SOURCE;
				MTL_FAST_MATH = YES;
				ONLY_ACTIVE_ARCH = YES;
				SDKROOT = iphoneos;
				SWIFT_ACTIVE_COMPILATION_CONDITIONS = DEBUG;
				SWIFT_OPTIMIZATION_LEVEL = "-Onone";
			};
			name = Debug;
		};
		929A129323558AEF00E5B36A /* Release */ = {
			isa = XCBuildConfiguration;
			buildSettings = {
				ALWAYS_SEARCH_USER_PATHS = NO;
				CLANG_ANALYZER_NONNULL = YES;
				CLANG_ANALYZER_NUMBER_OBJECT_CONVERSION = YES_AGGRESSIVE;
				CLANG_CXX_LANGUAGE_STANDARD = "gnu++14";
				CLANG_CXX_LIBRARY = "libc++";
				CLANG_ENABLE_MODULES = YES;
				CLANG_ENABLE_OBJC_ARC = YES;
				CLANG_ENABLE_OBJC_WEAK = YES;
				CLANG_WARN_BLOCK_CAPTURE_AUTORELEASING = YES;
				CLANG_WARN_BOOL_CONVERSION = YES;
				CLANG_WARN_COMMA = YES;
				CLANG_WARN_CONSTANT_CONVERSION = YES;
				CLANG_WARN_DEPRECATED_OBJC_IMPLEMENTATIONS = YES;
				CLANG_WARN_DIRECT_OBJC_ISA_USAGE = YES_ERROR;
				CLANG_WARN_DOCUMENTATION_COMMENTS = YES;
				CLANG_WARN_EMPTY_BODY = YES;
				CLANG_WARN_ENUM_CONVERSION = YES;
				CLANG_WARN_INFINITE_RECURSION = YES;
				CLANG_WARN_INT_CONVERSION = YES;
				CLANG_WARN_NON_LITERAL_NULL_CONVERSION = YES;
				CLANG_WARN_OBJC_IMPLICIT_RETAIN_SELF = YES;
				CLANG_WARN_OBJC_LITERAL_CONVERSION = YES;
				CLANG_WARN_OBJC_ROOT_CLASS = YES_ERROR;
				CLANG_WARN_RANGE_LOOP_ANALYSIS = YES;
				CLANG_WARN_STRICT_PROTOTYPES = YES;
				CLANG_WARN_SUSPICIOUS_MOVE = YES;
				CLANG_WARN_UNGUARDED_AVAILABILITY = YES_AGGRESSIVE;
				CLANG_WARN_UNREACHABLE_CODE = YES;
				CLANG_WARN__DUPLICATE_METHOD_MATCH = YES;
				COPY_PHASE_STRIP = NO;
				DEBUG_INFORMATION_FORMAT = "dwarf-with-dsym";
				ENABLE_NS_ASSERTIONS = NO;
				ENABLE_STRICT_OBJC_MSGSEND = YES;
				GCC_C_LANGUAGE_STANDARD = gnu11;
				GCC_NO_COMMON_BLOCKS = YES;
				GCC_WARN_64_TO_32_BIT_CONVERSION = YES;
				GCC_WARN_ABOUT_RETURN_TYPE = YES_ERROR;
				GCC_WARN_UNDECLARED_SELECTOR = YES;
				GCC_WARN_UNINITIALIZED_AUTOS = YES_AGGRESSIVE;
				GCC_WARN_UNUSED_FUNCTION = YES;
				GCC_WARN_UNUSED_VARIABLE = YES;
				IPHONEOS_DEPLOYMENT_TARGET = 13.0;
				MTL_ENABLE_DEBUG_INFO = NO;
				MTL_FAST_MATH = YES;
				SDKROOT = iphoneos;
				SWIFT_COMPILATION_MODE = wholemodule;
				SWIFT_OPTIMIZATION_LEVEL = "-O";
				VALIDATE_PRODUCT = YES;
			};
			name = Release;
		};
		929A129523558AEF00E5B36A /* Debug */ = {
			isa = XCBuildConfiguration;
			buildSettings = {
				ASSETCATALOG_COMPILER_APPICON_NAME = AppIcon;
				CODE_SIGN_STYLE = Automatic;
				DEVELOPMENT_TEAM = HF7RP4BR99;
				INFOPLIST_FILE = MapViewP/Info.plist;
				LD_RUNPATH_SEARCH_PATHS = (
					"$(inherited)",
					"@executable_path/Frameworks",
				);
				PRODUCT_BUNDLE_IDENTIFIER = xyz.MapViewP;
				PRODUCT_NAME = "$(TARGET_NAME)";
				SWIFT_VERSION = 5.0;
				TARGETED_DEVICE_FAMILY = "1,2";
			};
			name = Debug;
		};
		929A129623558AEF00E5B36A /* Release */ = {
			isa = XCBuildConfiguration;
			buildSettings = {
				ASSETCATALOG_COMPILER_APPICON_NAME = AppIcon;
				CODE_SIGN_STYLE = Automatic;
				DEVELOPMENT_TEAM = HF7RP4BR99;
				INFOPLIST_FILE = MapViewP/Info.plist;
				LD_RUNPATH_SEARCH_PATHS = (
					"$(inherited)",
					"@executable_path/Frameworks",
				);
				PRODUCT_BUNDLE_IDENTIFIER = xyz.MapViewP;
				PRODUCT_NAME = "$(TARGET_NAME)";
				SWIFT_VERSION = 5.0;
				TARGETED_DEVICE_FAMILY = "1,2";
			};
			name = Release;
		};
/* End XCBuildConfiguration section */

/* Begin XCConfigurationList section */
		929A127B23558ADA00E5B36A /* Build configuration list for PBXProject "MapViewP" */ = {
			isa = XCConfigurationList;
			buildConfigurations = (
				929A129223558AEF00E5B36A /* Debug */,
				929A129323558AEF00E5B36A /* Release */,
			);
			defaultConfigurationIsVisible = 0;
			defaultConfigurationName = Release;
		};
		929A129423558AEF00E5B36A /* Build configuration list for PBXNativeTarget "MapViewP" */ = {
			isa = XCConfigurationList;
			buildConfigurations = (
				929A129523558AEF00E5B36A /* Debug */,
				929A129623558AEF00E5B36A /* Release */,
			);
			defaultConfigurationIsVisible = 0;
			defaultConfigurationName = Release;
		};
/* End XCConfigurationList section */
	};
	rootObject = 929A127823558ADA00E5B36A /* Project object */;
}
